
Microsoft Visual Studio Solution File, Format Version 12.00
# Visual Studio Version 16
VisualStudioVersion = 16.0.31019.35
MinimumVisualStudioVersion = 10.0.40219.1
Project("{FAE04EC0-301F-11D3-BF4B-00C04F79EFBC}") = "DOP.Tests", "DOP.Tests\DOP.Tests.csproj", "{ADB97A52-083E-492D-8373-688468E6C483}"
EndProject
Global
	GlobalSection(SolutionConfigurationPlatforms) = preSolution
		Debug|Any CPU = Debug|Any CPU
		Release|Any CPU = Release|Any CPU
	EndGlobalSection
	GlobalSection(ProjectConfigurationPlatforms) = postSolution
		{ADB97A52-083E-492D-8373-688468E6C483}.Debug|Any CPU.ActiveCfg = Debug|Any CPU
		{ADB97A52-083E-492D-8373-688468E6C483}.Debug|Any CPU.Build.0 = Debug|Any CPU
		{ADB97A52-083E-492D-8373-688468E6C483}.Release|Any CPU.ActiveCfg = Release|Any CPU
		{ADB97A52-083E-492D-8373-688468E6C483}.Release|Any CPU.Build.0 = Release|Any CPU
	EndGlobalSection
	GlobalSection(SolutionProperties) = preSolution
		HideSolutionNode = FALSE
	EndGlobalSection
	GlobalSection(ExtensibilityGlobals) = postSolution
		SolutionGuid = {640984C3-CA0F-47D1-92D6-B801CE5E1202}
	EndGlobalSection
EndGlobal
